
Microsoft Visual Studio Solution File, Format Version 12.00
Project("{FAE04EC0-301F-11D3-BF4B-00C04F79EFBC}") = "homework 15.1", "homework 15.1.csproj", "{624B6CE4-0123-47FA-ABEF-DAB973F708AD}"
EndProject
Global
	GlobalSection(SolutionConfigurationPlatforms) = preSolution
		Debug|Any CPU = Debug|Any CPU
		Release|Any CPU = Release|Any CPU
	EndGlobalSection
	GlobalSection(ProjectConfigurationPlatforms) = postSolution
		{624B6CE4-0123-47FA-ABEF-DAB973F708AD}.Debug|Any CPU.ActiveCfg = Debug|Any CPU
		{624B6CE4-0123-47FA-ABEF-DAB973F708AD}.Debug|Any CPU.Build.0 = Debug|Any CPU
		{624B6CE4-0123-47FA-ABEF-DAB973F708AD}.Release|Any CPU.ActiveCfg = Release|Any CPU
		{624B6CE4-0123-47FA-ABEF-DAB973F708AD}.Release|Any CPU.Build.0 = Release|Any CPU
	EndGlobalSection
EndGlobal
